
Microsoft Visual Studio Solution File, Format Version 12.00
# Visual Studio Version 17
VisualStudioVersion = 17.2.32526.322
MinimumVisualStudioVersion = 10.0.40219.1
Project("{FAE04EC0-301F-11D3-BF4B-00C04F79EFBC}") = "SaxonCSResultNotClosedTest1", "SaxonCSResultNotClosedTest1.csproj", "{6C120B16-EB27-431D-827F-15D9D04ABED1}"
EndProject
Global
	GlobalSection(SolutionConfigurationPlatforms) = preSolution
		Debug|Any CPU = Debug|Any CPU
		Release|Any CPU = Release|Any CPU
	EndGlobalSection
	GlobalSection(ProjectConfigurationPlatforms) = postSolution
		{6C120B16-EB27-431D-827F-15D9D04ABED1}.Debug|Any CPU.ActiveCfg = Debug|Any CPU
		{6C120B16-EB27-431D-827F-15D9D04ABED1}.Debug|Any CPU.Build.0 = Debug|Any CPU
		{6C120B16-EB27-431D-827F-15D9D04ABED1}.Release|Any CPU.ActiveCfg = Release|Any CPU
		{6C120B16-EB27-431D-827F-15D9D04ABED1}.Release|Any CPU.Build.0 = Release|Any CPU
	EndGlobalSection
	GlobalSection(SolutionProperties) = preSolution
		HideSolutionNode = FALSE
	EndGlobalSection
	GlobalSection(ExtensibilityGlobals) = postSolution
		SolutionGuid = {8BCAF23F-FC57-4AEA-A641-702CF2D0D1B9}
	EndGlobalSection
EndGlobal
